
Microsoft Visual Studio Solution File, Format Version 12.00
# Visual Studio Version 16
VisualStudioVersion = 16.0.30804.86
MinimumVisualStudioVersion = 10.0.40219.1
Project("{FAE04EC0-301F-11D3-BF4B-00C04F79EFBC}") = "PosSystem", "PosSystem\PosSystem.csproj", "{323D8A5F-1685-43E2-9B00-BC11521F878A}"
EndProject
Global
	GlobalSection(SolutionConfigurationPlatforms) = preSolution
		Debug|Any CPU = Debug|Any CPU
		Release|Any CPU = Release|Any CPU
	EndGlobalSection
	GlobalSection(ProjectConfigurationPlatforms) = postSolution
		{323D8A5F-1685-43E2-9B00-BC11521F878A}.Debug|Any CPU.ActiveCfg = Debug|Any CPU
		{323D8A5F-1685-43E2-9B00-BC11521F878A}.Debug|Any CPU.Build.0 = Debug|Any CPU
		{323D8A5F-1685-43E2-9B00-BC11521F878A}.Release|Any CPU.ActiveCfg = Release|Any CPU
		{323D8A5F-1685-43E2-9B00-BC11521F878A}.Release|Any CPU.Build.0 = Release|Any CPU
	EndGlobalSection
	GlobalSection(SolutionProperties) = preSolution
		HideSolutionNode = FALSE
	EndGlobalSection
	GlobalSection(ExtensibilityGlobals) = postSolution
		SolutionGuid = {DFF5DE69-F04A-4634-9D52-8CDE2B9525CA}
	EndGlobalSection
EndGlobal
